
Microsoft Visual Studio Solution File, Format Version 12.00
# Visual Studio Version 17
VisualStudioVersion = 17.1.32210.238
MinimumVisualStudioVersion = 10.0.40219.1
Project("{8BC9CEB8-8B4A-11D0-8D11-00A0C91BC942}") = "Copie_scr_decoder", "Copie_scr_decoder\Copie_scr_decoder.vcxproj", "{FBE6D732-CD4F-4E76-AAD2-C1CAC3AA28E8}"
EndProject
Project("{F184B08F-C81C-45F6-A57F-5ABD9991F28F}") = "copiescr.decoder", "copiescr.decoder\copiescr.decoder.vbproj", "{578E88EC-874C-4AFD-BB66-5494E02677D2}"
EndProject
Global
	GlobalSection(SolutionConfigurationPlatforms) = preSolution
		Debug|x64 = Debug|x64
		Release|x64 = Release|x64
	EndGlobalSection
	GlobalSection(ProjectConfigurationPlatforms) = postSolution
		{FBE6D732-CD4F-4E76-AAD2-C1CAC3AA28E8}.Debug|x64.ActiveCfg = Debug|x64
		{FBE6D732-CD4F-4E76-AAD2-C1CAC3AA28E8}.Debug|x64.Build.0 = Debug|x64
		{FBE6D732-CD4F-4E76-AAD2-C1CAC3AA28E8}.Release|x64.ActiveCfg = Release|x64
		{578E88EC-874C-4AFD-BB66-5494E02677D2}.Debug|x64.ActiveCfg = Debug|x64
		{578E88EC-874C-4AFD-BB66-5494E02677D2}.Debug|x64.Build.0 = Debug|x64
		{578E88EC-874C-4AFD-BB66-5494E02677D2}.Release|x64.ActiveCfg = Release|x64
		{578E88EC-874C-4AFD-BB66-5494E02677D2}.Release|x64.Build.0 = Release|x64
	EndGlobalSection
	GlobalSection(SolutionProperties) = preSolution
		HideSolutionNode = FALSE
	EndGlobalSection
	GlobalSection(ExtensibilityGlobals) = postSolution
		SolutionGuid = {C8349329-6A03-4692-A9EF-EB541FAC59F2}
	EndGlobalSection
EndGlobal
